// !$*UTF8*$!
{
	archiveVersion = 1;
	classes = {
	};
	objectVersion = 46;
	objects = {

/* Begin PBXBuildFile section */
		BCCCDE771E26464E0045F25E /* AppDelegate.swift in Sources */ = {isa = PBXBuildFile; fileRef = BCCCDE761E26464E0045F25E /* AppDelegate.swift */; };
		BCCCDE7C1E26464E0045F25E /* Main.storyboard in Resources */ = {isa = PBXBuildFile; fileRef = BCCCDE7A1E26464E0045F25E /* Main.storyboard */; };
		BCCCDE7E1E26464E0045F25E /* Assets.xcassets in Resources */ = {isa = PBXBuildFile; fileRef = BCCCDE7D1E26464E0045F25E /* Assets.xcassets */; };
		BCCCDE811E26464E0045F25E /* LaunchScreen.storyboard in Resources */ = {isa = PBXBuildFile; fileRef = BCCCDE7F1E26464E0045F25E /* LaunchScreen.storyboard */; };
		BCCCDE8B1E264B530045F25E /* AddTodoItemViewControllerOLD.swift in Sources */ = {isa = PBXBuildFile; fileRef = BCCCDE8A1E264B530045F25E /* AddTodoItemViewControllerOLD.swift */; };
		BCCCDE8D1E264C3F0045F25E /* TodoListTableTableViewController.swift in Sources */ = {isa = PBXBuildFile; fileRef = BCCCDE8C1E264C3F0045F25E /* TodoListTableTableViewController.swift */; };
		BCCCDE8F1E264DE50045F25E /* TodoItem.swift in Sources */ = {isa = PBXBuildFile; fileRef = BCCCDE8E1E264DE50045F25E /* TodoItem.swift */; };
		BCCCDE931E2670D60045F25E /* AddItemTableViewController.swift in Sources */ = {isa = PBXBuildFile; fileRef = BCCCDE921E2670D60045F25E /* AddItemTableViewController.swift */; };
		BCCCDE951E268C500045F25E /* MapKitViewController.swift in Sources */ = {isa = PBXBuildFile; fileRef = BCCCDE941E268C500045F25E /* MapKitViewController.swift */; };
/* End PBXBuildFile section */

/* Begin PBXFileReference section */
		BC54BAEB1E29115B00B65EAE /* de */ = {isa = PBXFileReference; lastKnownFileType = text.plist.strings; name = de; path = de.lproj/Main.strings; sourceTree = "<group>"; };
		BC54BAEC1E29115B00B65EAE /* de */ = {isa = PBXFileReference; lastKnownFileType = text.plist.strings; name = de; path = de.lproj/LaunchScreen.strings; sourceTree = "<group>"; };
		BCCCDE731E26464E0045F25E /* ToDo-List.app */ = {isa = PBXFileReference; explicitFileType = wrapper.application; includeInIndex = 0; path = "ToDo-List.app"; sourceTree = BUILT_PRODUCTS_DIR; };
		BCCCDE761E26464E0045F25E /* AppDelegate.swift */ = {isa = PBXFileReference; lastKnownFileType = sourcecode.swift; path = AppDelegate.swift; sourceTree = "<group>"; };
		BCCCDE7B1E26464E0045F25E /* Base */ = {isa = PBXFileReference; lastKnownFileType = file.storyboard; name = Base; path = Base.lproj/Main.storyboard; sourceTree = "<group>"; };
		BCCCDE7D1E26464E0045F25E /* Assets.xcassets */ = {isa = PBXFileReference; lastKnownFileType = folder.assetcatalog; path = Assets.xcassets; sourceTree = "<group>"; };
		BCCCDE801E26464E0045F25E /* Base */ = {isa = PBXFileReference; lastKnownFileType = file.storyboard; name = Base; path = Base.lproj/LaunchScreen.storyboard; sourceTree = "<group>"; };
		BCCCDE821E26464E0045F25E /* Info.plist */ = {isa = PBXFileReference; lastKnownFileType = text.plist.xml; path = Info.plist; sourceTree = "<group>"; };
		BCCCDE8A1E264B530045F25E /* AddTodoItemViewControllerOLD.swift */ = {isa = PBXFileReference; fileEncoding = 4; lastKnownFileType = sourcecode.swift; name = AddTodoItemViewControllerOLD.swift; path = ../AddTodoItemViewControllerOLD.swift; sourceTree = "<group>"; };
		BCCCDE8C1E264C3F0045F25E /* TodoListTableTableViewController.swift */ = {isa = PBXFileReference; fileEncoding = 4; lastKnownFileType = sourcecode.swift; path = TodoListTableTableViewController.swift; sourceTree = "<group>"; };
		BCCCDE8E1E264DE50045F25E /* TodoItem.swift */ = {isa = PBXFileReference; fileEncoding = 4; lastKnownFileType = sourcecode.swift; path = TodoItem.swift; sourceTree = "<group>"; };
		BCCCDE921E2670D60045F25E /* AddItemTableViewController.swift */ = {isa = PBXFileReference; fileEncoding = 4; lastKnownFileType = sourcecode.swift; path = AddItemTableViewController.swift; sourceTree = "<group>"; };
		BCCCDE941E268C500045F25E /* MapKitViewController.swift */ = {isa = PBXFileReference; fileEncoding = 4; lastKnownFileType = sourcecode.swift; path = MapKitViewController.swift; sourceTree = "<group>"; };
/* End PBXFileReference section */

/* Begin PBXFrameworksBuildPhase section */
		BCCCDE701E26464E0045F25E /* Frameworks */ = {
			isa = PBXFrameworksBuildPhase;
			buildActionMask = 2147483647;
			files = (
			);
			runOnlyForDeploymentPostprocessing = 0;
		};
/* End PBXFrameworksBuildPhase section */

/* Begin PBXGroup section */
		BCCCDE6A1E26464E0045F25E = {
			isa = PBXGroup;
			children = (
				BCCCDE751E26464E0045F25E /* ToDo-List */,
				BCCCDE741E26464E0045F25E /* Products */,
			);
			sourceTree = "<group>";
		};
		BCCCDE741E26464E0045F25E /* Products */ = {
			isa = PBXGroup;
			children = (
				BCCCDE731E26464E0045F25E /* ToDo-List.app */,
			);
			name = Products;
			sourceTree = "<group>";
		};
		BCCCDE751E26464E0045F25E /* ToDo-List */ = {
			isa = PBXGroup;
			children = (
				BCCCDE8A1E264B530045F25E /* AddTodoItemViewControllerOLD.swift */,
				BCCCDE761E26464E0045F25E /* AppDelegate.swift */,
				BCCCDE7A1E26464E0045F25E /* Main.storyboard */,
				BCCCDE7D1E26464E0045F25E /* Assets.xcassets */,
				BCCCDE7F1E26464E0045F25E /* LaunchScreen.storyboard */,
				BCCCDE821E26464E0045F25E /* Info.plist */,
				BCCCDE8C1E264C3F0045F25E /* TodoListTableTableViewController.swift */,
				BCCCDE8E1E264DE50045F25E /* TodoItem.swift */,
				BCCCDE921E2670D60045F25E /* AddItemTableViewController.swift */,
				BCCCDE941E268C500045F25E /* MapKitViewController.swift */,
			);
			path = "ToDo-List";
			sourceTree = "<group>";
		};
/* End PBXGroup section */

/* Begin PBXNativeTarget section */
		BCCCDE721E26464E0045F25E /* ToDo-List */ = {
			isa = PBXNativeTarget;
			buildConfigurationList = BCCCDE851E26464E0045F25E /* Build configuration list for PBXNativeTarget "ToDo-List" */;
			buildPhases = (
				BCCCDE6F1E26464E0045F25E /* Sources */,
				BCCCDE701E26464E0045F25E /* Frameworks */,
				BCCCDE711E26464E0045F25E /* Resources */,
			);
			buildRules = (
			);
			dependencies = (
			);
			name = "ToDo-List";
			productName = "ToDo-List";
			productReference = BCCCDE731E26464E0045F25E /* ToDo-List.app */;
			productType = "com.apple.product-type.application";
		};
/* End PBXNativeTarget section */

/* Begin PBXProject section */
		BCCCDE6B1E26464E0045F25E /* Project object */ = {
			isa = PBXProject;
			attributes = {
				LastSwiftUpdateCheck = 0820;
				LastUpgradeCheck = 0820;
				ORGANIZATIONNAME = "Steffen Süß";
				TargetAttributes = {
					BCCCDE721E26464E0045F25E = {
						CreatedOnToolsVersion = 8.2.1;
						ProvisioningStyle = Automatic;
					};
				};
			};
			buildConfigurationList = BCCCDE6E1E26464E0045F25E /* Build configuration list for PBXProject "ToDo-List" */;
			compatibilityVersion = "Xcode 3.2";
			developmentRegion = English;
			hasScannedForEncodings = 0;
			knownRegions = (
				en,
				Base,
			);
			mainGroup = BCCCDE6A1E26464E0045F25E;
			productRefGroup = BCCCDE741E26464E0045F25E /* Products */;
			projectDirPath = "";
			projectRoot = "";
			targets = (
				BCCCDE721E26464E0045F25E /* ToDo-List */,
			);
		};
/* End PBXProject section */

/* Begin PBXResourcesBuildPhase section */
		BCCCDE711E26464E0045F25E /* Resources */ = {
			isa = PBXResourcesBuildPhase;
			buildActionMask = 2147483647;
			files = (
				BCCCDE811E26464E0045F25E /* LaunchScreen.storyboard in Resources */,
				BCCCDE7E1E26464E0045F25E /* Assets.xcassets in Resources */,
				BCCCDE7C1E26464E0045F25E /* Main.storyboard in Resources */,
			);
			runOnlyForDeploymentPostprocessing = 0;
		};
/* End PBXResourcesBuildPhase section */

/* Begin PBXSourcesBuildPhase section */
		BCCCDE6F1E26464E0045F25E /* Sources */ = {
			isa = PBXSourcesBuildPhase;
			buildActionMask = 2147483647;
			files = (
				BCCCDE951E268C500045F25E /* MapKitViewController.swift in Sources */,
				BCCCDE8F1E264DE50045F25E /* TodoItem.swift in Sources */,
				BCCCDE931E2670D60045F25E /* AddItemTableViewController.swift in Sources */,
				BCCCDE771E26464E0045F25E /* AppDelegate.swift in Sources */,
				BCCCDE8D1E264C3F0045F25E /* TodoListTableTableViewController.swift in Sources */,
				BCCCDE8B1E264B530045F25E /* AddTodoItemViewControllerOLD.swift in Sources */,
			);
			runOnlyForDeploymentPostprocessing = 0;
		};
/* End PBXSourcesBuildPhase section */

/* Begin PBXVariantGroup section */
		BCCCDE7A1E26464E0045F25E /* Main.storyboard */ = {
			isa = PBXVariantGroup;
			children = (
				BCCCDE7B1E26464E0045F25E /* Base */,
				BC54BAEB1E29115B00B65EAE /* de */,
			);
			name = Main.storyboard;
			sourceTree = "<group>";
		};
		BCCCDE7F1E26464E0045F25E /* LaunchScreen.storyboard */ = {
			isa = PBXVariantGroup;
			children = (
				BCCCDE801E26464E0045F25E /* Base */,
				BC54BAEC1E29115B00B65EAE /* de */,
			);
			name = LaunchScreen.storyboard;
			sourceTree = "<group>";
		};
/* End PBXVariantGroup section */

/* Begin XCBuildConfiguration section */
		BCCCDE831E26464E0045F25E /* Debug */ = {
			isa = XCBuildConfiguration;
			buildSettings = {
				ALWAYS_SEARCH_USER_PATHS = NO;
				CLANG_ANALYZER_LOCALIZABILITY_NONLOCALIZED = YES;
				CLANG_ANALYZER_NONNULL = YES;
				CLANG_CXX_LANGUAGE_STANDARD = "gnu++0x";
				CLANG_CXX_LIBRARY = "libc++";
				CLANG_ENABLE_MODULES = YES;
				CLANG_ENABLE_OBJC_ARC = YES;
				CLANG_WARN_BOOL_CONVERSION = YES;
				CLANG_WARN_CONSTANT_CONVERSION = YES;
				CLANG_WARN_DIRECT_OBJC_ISA_USAGE = YES_ERROR;
				CLANG_WARN_DOCUMENTATION_COMMENTS = YES;
				CLANG_WARN_EMPTY_BODY = YES;
				CLANG_WARN_ENUM_CONVERSION = YES;
				CLANG_WARN_INFINITE_RECURSION = YES;
				CLANG_WARN_INT_CONVERSION = YES;
				CLANG_WARN_OBJC_ROOT_CLASS = YES_ERROR;
				CLANG_WARN_SUSPICIOUS_MOVE = YES;
				CLANG_WARN_UNREACHABLE_CODE = YES;
				CLANG_WARN__DUPLICATE_METHOD_MATCH = YES;
				"CODE_SIGN_IDENTITY[sdk=iphoneos*]" = "iPhone Developer";
				COPY_PHASE_STRIP = NO;
				DEBUG_INFORMATION_FORMAT = dwarf;
				ENABLE_STRICT_OBJC_MSGSEND = YES;
				ENABLE_TESTABILITY = YES;
				GCC_C_LANGUAGE_STANDARD = gnu99;
				GCC_DYNAMIC_NO_PIC = NO;
				GCC_NO_COMMON_BLOCKS = YES;
				GCC_OPTIMIZATION_LEVEL = 0;
				GCC_PREPROCESSOR_DEFINITIONS = (
					"DEBUG=1",
					"$(inherited)",
				);
				GCC_WARN_64_TO_32_BIT_CONVERSION = YES;
				GCC_WARN_ABOUT_RETURN_TYPE = YES_ERROR;
				GCC_WARN_UNDECLARED_SELECTOR = YES;
				GCC_WARN_UNINITIALIZED_AUTOS = YES_AGGRESSIVE;
				GCC_WARN_UNUSED_FUNCTION = YES;
				GCC_WARN_UNUSED_VARIABLE = YES;
				IPHONEOS_DEPLOYMENT_TARGET = 10.2;
				MTL_ENABLE_DEBUG_INFO = YES;
				ONLY_ACTIVE_ARCH = YES;
				SDKROOT = iphoneos;
				SWIFT_ACTIVE_COMPILATION_CONDITIONS = DEBUG;
				SWIFT_OPTIMIZATION_LEVEL = "-Onone";
			};
			name = Debug;
		};
		BCCCDE841E26464E0045F25E /* Release */ = {
			isa = XCBuildConfiguration;
			buildSettings = {
				ALWAYS_SEARCH_USER_PATHS = NO;
				CLANG_ANALYZER_LOCALIZABILITY_NONLOCALIZED = YES;
				CLANG_ANALYZER_NONNULL = YES;
				CLANG_CXX_LANGUAGE_STANDARD = "gnu++0x";
				CLANG_CXX_LIBRARY = "libc++";
				CLANG_ENABLE_MODULES = YES;
				CLANG_ENABLE_OBJC_ARC = YES;
				CLANG_WARN_BOOL_CONVERSION = YES;
				CLANG_WARN_CONSTANT_CONVERSION = YES;
				CLANG_WARN_DIRECT_OBJC_ISA_USAGE = YES_ERROR;
				CLANG_WARN_DOCUMENTATION_COMMENTS = YES;
				CLANG_WARN_EMPTY_BODY = YES;
				CLANG_WARN_ENUM_CONVERSION = YES;
				CLANG_WARN_INFINITE_RECURSION = YES;
				CLANG_WARN_INT_CONVERSION = YES;
				CLANG_WARN_OBJC_ROOT_CLASS = YES_ERROR;
				CLANG_WARN_SUSPICIOUS_MOVE = YES;
				CLANG_WARN_UNREACHABLE_CODE = YES;
				CLANG_WARN__DUPLICATE_METHOD_MATCH = YES;
				"CODE_SIGN_IDENTITY[sdk=iphoneos*]" = "iPhone Developer";
				COPY_PHASE_STRIP = NO;
				DEBUG_INFORMATION_FORMAT = "dwarf-with-dsym";
				ENABLE_NS_ASSERTIONS = NO;
				ENABLE_STRICT_OBJC_MSGSEND = YES;
				GCC_C_LANGUAGE_STANDARD = gnu99;
				GCC_NO_COMMON_BLOCKS = YES;
				GCC_WARN_64_TO_32_BIT_CONVERSION = YES;
				GCC_WARN_ABOUT_RETURN_TYPE = YES_ERROR;
				GCC_WARN_UNDECLARED_SELECTOR = YES;
				GCC_WARN_UNINITIALIZED_AUTOS = YES_AGGRESSIVE;
				GCC_WARN_UNUSED_FUNCTION = YES;
				GCC_WARN_UNUSED_VARIABLE = YES;
				IPHONEOS_DEPLOYMENT_TARGET = 10.2;
				MTL_ENABLE_DEBUG_INFO = NO;
				SDKROOT = iphoneos;
				SWIFT_OPTIMIZATION_LEVEL = "-Owholemodule";
				VALIDATE_PRODUCT = YES;
			};
			name = Release;
		};
		BCCCDE861E26464E0045F25E /* Debug */ = {
			isa = XCBuildConfiguration;
			buildSettings = {
				ASSETCATALOG_COMPILER_APPICON_NAME = AppIcon;
				INFOPLIST_FILE = "ToDo-List/Info.plist";
				LD_RUNPATH_SEARCH_PATHS = "$(inherited) @executable_path/Frameworks";
				PRODUCT_BUNDLE_IDENTIFIER = "com.steffensuess.ToDo-List";
				PRODUCT_NAME = "$(TARGET_NAME)";
				SWIFT_VERSION = 3.0;
			};
			name = Debug;
		};
		BCCCDE871E26464E0045F25E /* Release */ = {
			isa = XCBuildConfiguration;
			buildSettings = {
				ASSETCATALOG_COMPILER_APPICON_NAME = AppIcon;
				INFOPLIST_FILE = "ToDo-List/Info.plist";
				LD_RUNPATH_SEARCH_PATHS = "$(inherited) @executable_path/Frameworks";
				PRODUCT_BUNDLE_IDENTIFIER = "com.steffensuess.ToDo-List";
				PRODUCT_NAME = "$(TARGET_NAME)";
				SWIFT_VERSION = 3.0;
			};
			name = Release;
		};
/* End XCBuildConfiguration section */

/* Begin XCConfigurationList section */
		BCCCDE6E1E26464E0045F25E /* Build configuration list for PBXProject "ToDo-List" */ = {
			isa = XCConfigurationList;
			buildConfigurations = (
				BCCCDE831E26464E0045F25E /* Debug */,
				BCCCDE841E26464E0045F25E /* Release */,
			);
			defaultConfigurationIsVisible = 0;
			defaultConfigurationName = Release;
		};
		BCCCDE851E26464E0045F25E /* Build configuration list for PBXNativeTarget "ToDo-List" */ = {
			isa = XCConfigurationList;
			buildConfigurations = (
				BCCCDE861E26464E0045F25E /* Debug */,
				BCCCDE871E26464E0045F25E /* Release */,
			);
			defaultConfigurationIsVisible = 0;
			defaultConfigurationName = Release;
		};
/* End XCConfigurationList section */
	};
	rootObject = BCCCDE6B1E26464E0045F25E /* Project object */;
}
